
Microsoft Visual Studio Solution File, Format Version 12.00
# Visual Studio Version 16
VisualStudioVersion = 16.0.31829.152
MinimumVisualStudioVersion = 10.0.40219.1
Project("{FAE04EC0-301F-11D3-BF4B-00C04F79EFBC}") = "WpfLesson11_11", "WpfLesson11_11\WpfLesson11_11.csproj", "{12C362F6-DE26-4738-AEFB-2304967291EE}"
EndProject
Global
	GlobalSection(SolutionConfigurationPlatforms) = preSolution
		Debug|Any CPU = Debug|Any CPU
		Release|Any CPU = Release|Any CPU
	EndGlobalSection
	GlobalSection(ProjectConfigurationPlatforms) = postSolution
		{12C362F6-DE26-4738-AEFB-2304967291EE}.Debug|Any CPU.ActiveCfg = Debug|Any CPU
		{12C362F6-DE26-4738-AEFB-2304967291EE}.Debug|Any CPU.Build.0 = Debug|Any CPU
		{12C362F6-DE26-4738-AEFB-2304967291EE}.Release|Any CPU.ActiveCfg = Release|Any CPU
		{12C362F6-DE26-4738-AEFB-2304967291EE}.Release|Any CPU.Build.0 = Release|Any CPU
	EndGlobalSection
	GlobalSection(SolutionProperties) = preSolution
		HideSolutionNode = FALSE
	EndGlobalSection
	GlobalSection(ExtensibilityGlobals) = postSolution
		SolutionGuid = {DBEA41A8-514D-48BD-A8B9-B58B0C4045A7}
	EndGlobalSection
EndGlobal
